
Microsoft Visual Studio Solution File, Format Version 11.00
# Visual Studio 2010
# SharpDevelop 4.4
Project("{FD48973F-F585-4F70-812B-4D0503B36CE9}") = "Prog122I", "Prog122I\Prog122I.pyproj", "{8CBD7B27-369F-4A0B-BE83-38133ACBD5D0}"
EndProject
Global
	GlobalSection(SolutionConfigurationPlatforms) = preSolution
		Debug|Any CPU = Debug|Any CPU
		Release|Any CPU = Release|Any CPU
	EndGlobalSection
	GlobalSection(ProjectConfigurationPlatforms) = postSolution
		{8CBD7B27-369F-4A0B-BE83-38133ACBD5D0}.Debug|Any CPU.Build.0 = Debug|Any CPU
		{8CBD7B27-369F-4A0B-BE83-38133ACBD5D0}.Debug|Any CPU.ActiveCfg = Debug|Any CPU
		{8CBD7B27-369F-4A0B-BE83-38133ACBD5D0}.Release|Any CPU.Build.0 = Release|Any CPU
		{8CBD7B27-369F-4A0B-BE83-38133ACBD5D0}.Release|Any CPU.ActiveCfg = Release|Any CPU
	EndGlobalSection
EndGlobal
