
Microsoft Visual Studio Solution File, Format Version 11.00
# Visual Studio 2010
# SharpDevelop 4.4
Project("{FD48973F-F585-4F70-812B-4D0503B36CE9}") = "Prog54A", "Prog54A\Prog54A.pyproj", "{CD8EBD6F-BEFE-4894-AC55-AAC4BFDD6D4E}"
EndProject
Global
	GlobalSection(SolutionConfigurationPlatforms) = preSolution
		Debug|Any CPU = Debug|Any CPU
		Release|Any CPU = Release|Any CPU
	EndGlobalSection
	GlobalSection(ProjectConfigurationPlatforms) = postSolution
		{CD8EBD6F-BEFE-4894-AC55-AAC4BFDD6D4E}.Debug|Any CPU.Build.0 = Debug|Any CPU
		{CD8EBD6F-BEFE-4894-AC55-AAC4BFDD6D4E}.Debug|Any CPU.ActiveCfg = Debug|Any CPU
		{CD8EBD6F-BEFE-4894-AC55-AAC4BFDD6D4E}.Release|Any CPU.Build.0 = Release|Any CPU
		{CD8EBD6F-BEFE-4894-AC55-AAC4BFDD6D4E}.Release|Any CPU.ActiveCfg = Release|Any CPU
	EndGlobalSection
EndGlobal
