
Microsoft Visual Studio Solution File, Format Version 11.00
# Visual Studio 2010
# SharpDevelop 4.4
Project("{FD48973F-F585-4F70-812B-4D0503B36CE9}") = "Prog122A", "Prog122A.pyproj", "{DF4E9929-B0F6-4DFE-A887-4FCFEDC006D0}"
EndProject
Global
	GlobalSection(SolutionConfigurationPlatforms) = preSolution
		Debug|Any CPU = Debug|Any CPU
		Release|Any CPU = Release|Any CPU
	EndGlobalSection
	GlobalSection(ProjectConfigurationPlatforms) = postSolution
		{DF4E9929-B0F6-4DFE-A887-4FCFEDC006D0}.Debug|Any CPU.Build.0 = Debug|Any CPU
		{DF4E9929-B0F6-4DFE-A887-4FCFEDC006D0}.Debug|Any CPU.ActiveCfg = Debug|Any CPU
		{DF4E9929-B0F6-4DFE-A887-4FCFEDC006D0}.Release|Any CPU.Build.0 = Release|Any CPU
		{DF4E9929-B0F6-4DFE-A887-4FCFEDC006D0}.Release|Any CPU.ActiveCfg = Release|Any CPU
	EndGlobalSection
EndGlobal
