
Microsoft Visual Studio Solution File, Format Version 11.00
# Visual Studio 2010
# SharpDevelop 4.4
Project("{FD48973F-F585-4F70-812B-4D0503B36CE9}") = "Prog54C", "Prog54C\Prog54C.pyproj", "{A92053E3-E238-4632-8CB7-A92CA8C3A0DE}"
EndProject
Global
	GlobalSection(SolutionConfigurationPlatforms) = preSolution
		Debug|Any CPU = Debug|Any CPU
		Release|Any CPU = Release|Any CPU
	EndGlobalSection
	GlobalSection(ProjectConfigurationPlatforms) = postSolution
		{A92053E3-E238-4632-8CB7-A92CA8C3A0DE}.Debug|Any CPU.Build.0 = Debug|Any CPU
		{A92053E3-E238-4632-8CB7-A92CA8C3A0DE}.Debug|Any CPU.ActiveCfg = Debug|Any CPU
		{A92053E3-E238-4632-8CB7-A92CA8C3A0DE}.Release|Any CPU.Build.0 = Release|Any CPU
		{A92053E3-E238-4632-8CB7-A92CA8C3A0DE}.Release|Any CPU.ActiveCfg = Release|Any CPU
	EndGlobalSection
EndGlobal
