
Microsoft Visual Studio Solution File, Format Version 11.00
# Visual Studio 2010
# SharpDevelop 4.4
Project("{FD48973F-F585-4F70-812B-4D0503B36CE9}") = "Prog162H", "Prog162H.pyproj", "{896641FD-9F4B-4652-BC2A-5F468BD19CB8}"
EndProject
Global
	GlobalSection(SolutionConfigurationPlatforms) = preSolution
		Debug|Any CPU = Debug|Any CPU
		Release|Any CPU = Release|Any CPU
	EndGlobalSection
	GlobalSection(ProjectConfigurationPlatforms) = postSolution
		{896641FD-9F4B-4652-BC2A-5F468BD19CB8}.Debug|Any CPU.Build.0 = Debug|Any CPU
		{896641FD-9F4B-4652-BC2A-5F468BD19CB8}.Debug|Any CPU.ActiveCfg = Debug|Any CPU
		{896641FD-9F4B-4652-BC2A-5F468BD19CB8}.Release|Any CPU.Build.0 = Release|Any CPU
		{896641FD-9F4B-4652-BC2A-5F468BD19CB8}.Release|Any CPU.ActiveCfg = Release|Any CPU
	EndGlobalSection
EndGlobal
