
Microsoft Visual Studio Solution File, Format Version 11.00
# Visual Studio 2010
# SharpDevelop 4.4
Project("{FD48973F-F585-4F70-812B-4D0503B36CE9}") = "RoomCharge", "RoomCharge\RoomCharge.pyproj", "{DA06BD41-981A-46B1-8D17-1D9D91DD46D3}"
EndProject
Global
	GlobalSection(SolutionConfigurationPlatforms) = preSolution
		Debug|Any CPU = Debug|Any CPU
		Release|Any CPU = Release|Any CPU
	EndGlobalSection
	GlobalSection(ProjectConfigurationPlatforms) = postSolution
		{DA06BD41-981A-46B1-8D17-1D9D91DD46D3}.Debug|Any CPU.Build.0 = Debug|Any CPU
		{DA06BD41-981A-46B1-8D17-1D9D91DD46D3}.Debug|Any CPU.ActiveCfg = Debug|Any CPU
		{DA06BD41-981A-46B1-8D17-1D9D91DD46D3}.Release|Any CPU.Build.0 = Release|Any CPU
		{DA06BD41-981A-46B1-8D17-1D9D91DD46D3}.Release|Any CPU.ActiveCfg = Release|Any CPU
	EndGlobalSection
EndGlobal
