
Microsoft Visual Studio Solution File, Format Version 11.00
# Visual Studio 2010
# SharpDevelop 4.4
Project("{FD48973F-F585-4F70-812B-4D0503B36CE9}") = "Peog122B", "Peog122B\Peog122B.pyproj", "{A1D62F8C-BA69-4803-9FB8-154921C879B2}"
EndProject
Global
	GlobalSection(SolutionConfigurationPlatforms) = preSolution
		Debug|Any CPU = Debug|Any CPU
		Release|Any CPU = Release|Any CPU
	EndGlobalSection
	GlobalSection(ProjectConfigurationPlatforms) = postSolution
		{A1D62F8C-BA69-4803-9FB8-154921C879B2}.Debug|Any CPU.Build.0 = Debug|Any CPU
		{A1D62F8C-BA69-4803-9FB8-154921C879B2}.Debug|Any CPU.ActiveCfg = Debug|Any CPU
		{A1D62F8C-BA69-4803-9FB8-154921C879B2}.Release|Any CPU.Build.0 = Release|Any CPU
		{A1D62F8C-BA69-4803-9FB8-154921C879B2}.Release|Any CPU.ActiveCfg = Release|Any CPU
	EndGlobalSection
EndGlobal
