
Microsoft Visual Studio Solution File, Format Version 11.00
# Visual Studio 2010
# SharpDevelop 4.4
Project("{FD48973F-F585-4F70-812B-4D0503B36CE9}") = "Commision", "Commision\Commision.pyproj", "{0B8B9D1B-DAB2-4130-92EE-EE399425CB6F}"
EndProject
Global
	GlobalSection(SolutionConfigurationPlatforms) = preSolution
		Debug|Any CPU = Debug|Any CPU
		Release|Any CPU = Release|Any CPU
	EndGlobalSection
	GlobalSection(ProjectConfigurationPlatforms) = postSolution
		{0B8B9D1B-DAB2-4130-92EE-EE399425CB6F}.Debug|Any CPU.Build.0 = Debug|Any CPU
		{0B8B9D1B-DAB2-4130-92EE-EE399425CB6F}.Debug|Any CPU.ActiveCfg = Debug|Any CPU
		{0B8B9D1B-DAB2-4130-92EE-EE399425CB6F}.Release|Any CPU.Build.0 = Release|Any CPU
		{0B8B9D1B-DAB2-4130-92EE-EE399425CB6F}.Release|Any CPU.ActiveCfg = Release|Any CPU
	EndGlobalSection
EndGlobal
