
Microsoft Visual Studio Solution File, Format Version 11.00
# Visual Studio 2010
# SharpDevelop 4.4
Project("{FD48973F-F585-4F70-812B-4D0503B36CE9}") = "Prog54A(Dictionary)", "Prog54A(Dictionary)\Prog54A(Dictionary).pyproj", "{4725FA4F-384C-40BB-AE31-568348A7EC09}"
EndProject
Global
	GlobalSection(SolutionConfigurationPlatforms) = preSolution
		Debug|Any CPU = Debug|Any CPU
		Release|Any CPU = Release|Any CPU
	EndGlobalSection
	GlobalSection(ProjectConfigurationPlatforms) = postSolution
		{4725FA4F-384C-40BB-AE31-568348A7EC09}.Debug|Any CPU.Build.0 = Debug|Any CPU
		{4725FA4F-384C-40BB-AE31-568348A7EC09}.Debug|Any CPU.ActiveCfg = Debug|Any CPU
		{4725FA4F-384C-40BB-AE31-568348A7EC09}.Release|Any CPU.Build.0 = Release|Any CPU
		{4725FA4F-384C-40BB-AE31-568348A7EC09}.Release|Any CPU.ActiveCfg = Release|Any CPU
	EndGlobalSection
EndGlobal
