
Microsoft Visual Studio Solution File, Format Version 11.00
# Visual Studio 2010
# SharpDevelop 4.4
Project("{FD48973F-F585-4F70-812B-4D0503B36CE9}") = "FavoriteQuote", "FavoriteQuote\FavoriteQuote.pyproj", "{9AD5B773-9BC6-4D44-AD18-89754B966079}"
EndProject
Global
	GlobalSection(SolutionConfigurationPlatforms) = preSolution
		Debug|Any CPU = Debug|Any CPU
		Release|Any CPU = Release|Any CPU
	EndGlobalSection
	GlobalSection(ProjectConfigurationPlatforms) = postSolution
		{9AD5B773-9BC6-4D44-AD18-89754B966079}.Debug|Any CPU.Build.0 = Debug|Any CPU
		{9AD5B773-9BC6-4D44-AD18-89754B966079}.Debug|Any CPU.ActiveCfg = Debug|Any CPU
		{9AD5B773-9BC6-4D44-AD18-89754B966079}.Release|Any CPU.Build.0 = Release|Any CPU
		{9AD5B773-9BC6-4D44-AD18-89754B966079}.Release|Any CPU.ActiveCfg = Release|Any CPU
	EndGlobalSection
EndGlobal
