
Microsoft Visual Studio Solution File, Format Version 11.00
# Visual Studio 2010
# SharpDevelop 4.4
Project("{FD48973F-F585-4F70-812B-4D0503B36CE9}") = "Pong", "Pong\Pong.pyproj", "{663878DB-EF61-4FC7-AF78-082C3D45A707}"
EndProject
Global
	GlobalSection(SolutionConfigurationPlatforms) = preSolution
		Debug|Any CPU = Debug|Any CPU
		Release|Any CPU = Release|Any CPU
	EndGlobalSection
	GlobalSection(ProjectConfigurationPlatforms) = postSolution
		{663878DB-EF61-4FC7-AF78-082C3D45A707}.Debug|Any CPU.Build.0 = Debug|Any CPU
		{663878DB-EF61-4FC7-AF78-082C3D45A707}.Debug|Any CPU.ActiveCfg = Debug|Any CPU
		{663878DB-EF61-4FC7-AF78-082C3D45A707}.Release|Any CPU.Build.0 = Release|Any CPU
		{663878DB-EF61-4FC7-AF78-082C3D45A707}.Release|Any CPU.ActiveCfg = Release|Any CPU
	EndGlobalSection
EndGlobal
